
Microsoft Visual Studio Solution File, Format Version 12.00
# Visual Studio Version 16
VisualStudioVersion = 16.0.30804.86
MinimumVisualStudioVersion = 10.0.40219.1
Project("{FAE04EC0-301F-11D3-BF4B-00C04F79EFBC}") = "MyBlogLister", "MyBlogLister\MyBlogLister.csproj", "{B7A801DF-2E9E-4731-8616-89A439EBBC41}"
EndProject
Project("{2150E333-8FDC-42A3-9474-1A3956D46DE8}") = "Solution Items", "Solution Items", "{668DA8BE-881D-451B-B3CF-2A04811F1307}"
	ProjectSection(SolutionItems) = preProject
		MyBlogLister.Design.png = MyBlogLister.Design.png
		README.md = README.md
	EndProjectSection
EndProject
Project("{FAE04EC0-301F-11D3-BF4B-00C04F79EFBC}") = "MyBlogLister.Config", "MyBlogLister.Config\MyBlogLister.Config.csproj", "{FD0E444E-350D-49CB-AE1A-A8D671E8E3A6}"
EndProject
Project("{FAE04EC0-301F-11D3-BF4B-00C04F79EFBC}") = "MyBlogLister.Interfaces", "MyBlogLister.Interfaces\MyBlogLister.Interfaces.csproj", "{C1F88483-CEB7-4DAB-9703-9280352D3F23}"
EndProject
Project("{FAE04EC0-301F-11D3-BF4B-00C04F79EFBC}") = "MyBlogLister.Json.Models", "MyBlogLister.Json.Models\MyBlogLister.Json.Models.csproj", "{FABA8C1C-5B7F-4704-841C-8662587183CF}"
EndProject
Project("{FAE04EC0-301F-11D3-BF4B-00C04F79EFBC}") = "MyBlogLister.DtoProvider", "MyBlogLister.DtoProvider\MyBlogLister.DtoProvider.csproj", "{9EC7EFB3-CE90-4205-B0F5-B360D00616B4}"
EndProject
Project("{FAE04EC0-301F-11D3-BF4B-00C04F79EFBC}") = "MyBlogLister.Config.Backends.Json", "MyBlogLister.Config.Backends.Json\MyBlogLister.Config.Backends.Json.csproj", "{0B993AE3-6BDF-4946-999A-18FD6C4C13C3}"
EndProject
Global
	GlobalSection(SolutionConfigurationPlatforms) = preSolution
		Debug|Any CPU = Debug|Any CPU
		Release|Any CPU = Release|Any CPU
	EndGlobalSection
	GlobalSection(ProjectConfigurationPlatforms) = postSolution
		{B7A801DF-2E9E-4731-8616-89A439EBBC41}.Debug|Any CPU.ActiveCfg = Debug|Any CPU
		{B7A801DF-2E9E-4731-8616-89A439EBBC41}.Debug|Any CPU.Build.0 = Debug|Any CPU
		{B7A801DF-2E9E-4731-8616-89A439EBBC41}.Release|Any CPU.ActiveCfg = Release|Any CPU
		{B7A801DF-2E9E-4731-8616-89A439EBBC41}.Release|Any CPU.Build.0 = Release|Any CPU
		{FD0E444E-350D-49CB-AE1A-A8D671E8E3A6}.Debug|Any CPU.ActiveCfg = Debug|Any CPU
		{FD0E444E-350D-49CB-AE1A-A8D671E8E3A6}.Debug|Any CPU.Build.0 = Debug|Any CPU
		{FD0E444E-350D-49CB-AE1A-A8D671E8E3A6}.Release|Any CPU.ActiveCfg = Release|Any CPU
		{FD0E444E-350D-49CB-AE1A-A8D671E8E3A6}.Release|Any CPU.Build.0 = Release|Any CPU
		{C1F88483-CEB7-4DAB-9703-9280352D3F23}.Debug|Any CPU.ActiveCfg = Debug|Any CPU
		{C1F88483-CEB7-4DAB-9703-9280352D3F23}.Debug|Any CPU.Build.0 = Debug|Any CPU
		{C1F88483-CEB7-4DAB-9703-9280352D3F23}.Release|Any CPU.ActiveCfg = Release|Any CPU
		{C1F88483-CEB7-4DAB-9703-9280352D3F23}.Release|Any CPU.Build.0 = Release|Any CPU
		{FABA8C1C-5B7F-4704-841C-8662587183CF}.Debug|Any CPU.ActiveCfg = Debug|Any CPU
		{FABA8C1C-5B7F-4704-841C-8662587183CF}.Debug|Any CPU.Build.0 = Debug|Any CPU
		{FABA8C1C-5B7F-4704-841C-8662587183CF}.Release|Any CPU.ActiveCfg = Release|Any CPU
		{FABA8C1C-5B7F-4704-841C-8662587183CF}.Release|Any CPU.Build.0 = Release|Any CPU
		{9EC7EFB3-CE90-4205-B0F5-B360D00616B4}.Debug|Any CPU.ActiveCfg = Debug|Any CPU
		{9EC7EFB3-CE90-4205-B0F5-B360D00616B4}.Debug|Any CPU.Build.0 = Debug|Any CPU
		{9EC7EFB3-CE90-4205-B0F5-B360D00616B4}.Release|Any CPU.ActiveCfg = Release|Any CPU
		{9EC7EFB3-CE90-4205-B0F5-B360D00616B4}.Release|Any CPU.Build.0 = Release|Any CPU
		{0B993AE3-6BDF-4946-999A-18FD6C4C13C3}.Debug|Any CPU.ActiveCfg = Debug|Any CPU
		{0B993AE3-6BDF-4946-999A-18FD6C4C13C3}.Debug|Any CPU.Build.0 = Debug|Any CPU
		{0B993AE3-6BDF-4946-999A-18FD6C4C13C3}.Release|Any CPU.ActiveCfg = Release|Any CPU
		{0B993AE3-6BDF-4946-999A-18FD6C4C13C3}.Release|Any CPU.Build.0 = Release|Any CPU
	EndGlobalSection
	GlobalSection(SolutionProperties) = preSolution
		HideSolutionNode = FALSE
	EndGlobalSection
	GlobalSection(ExtensibilityGlobals) = postSolution
		SolutionGuid = {1CECFD81-11D9-4BA3-9988-5DB805292A12}
	EndGlobalSection
EndGlobal
